
Microsoft Visual Studio Solution File, Format Version 12.00
# Visual Studio Version 17
VisualStudioVersion = 17.8.34601.278
MinimumVisualStudioVersion = 10.0.40219.1
Project("{FAE04EC0-301F-11D3-BF4B-00C04F79EFBC}") = "UniqueIntegerApp", "UniqueIntegerApp\UniqueIntegerApp.csproj", "{45402CF3-05F6-4642-9269-96773842F148}"
EndProject
Global
	GlobalSection(SolutionConfigurationPlatforms) = preSolution
		Debug|Any CPU = Debug|Any CPU
		Release|Any CPU = Release|Any CPU
	EndGlobalSection
	GlobalSection(ProjectConfigurationPlatforms) = postSolution
		{45402CF3-05F6-4642-9269-96773842F148}.Debug|Any CPU.ActiveCfg = Debug|Any CPU
		{45402CF3-05F6-4642-9269-96773842F148}.Debug|Any CPU.Build.0 = Debug|Any CPU
		{45402CF3-05F6-4642-9269-96773842F148}.Release|Any CPU.ActiveCfg = Release|Any CPU
		{45402CF3-05F6-4642-9269-96773842F148}.Release|Any CPU.Build.0 = Release|Any CPU
	EndGlobalSection
	GlobalSection(SolutionProperties) = preSolution
		HideSolutionNode = FALSE
	EndGlobalSection
	GlobalSection(ExtensibilityGlobals) = postSolution
		SolutionGuid = {6BE665F4-C43E-41FA-BA5B-42CD6D903F8D}
	EndGlobalSection
EndGlobal
